
Microsoft Visual Studio Solution File, Format Version 12.00
# Visual Studio Version 16
VisualStudioVersion = 16.0.30523.141
MinimumVisualStudioVersion = 10.0.40219.1
Project("{8BC9CEB8-8B4A-11D0-8D11-00A0C91BC942}") = "B23 Ex02 Noa Malka Manzur 207375163 Ohad Badav 317711612", "B23 Ex02 Noa Malka Manzur 207375163 Ohad Badav 317711612\B23 Ex02 Noa Malka Manzur 207375163 Ohad Badav 317711612.vcxproj", "{D7069160-ECED-49F5-8943-2453B5261FF8}"
EndProject
Project("{FAE04EC0-301F-11D3-BF4B-00C04F79EFBC}") = "UI X MIX", "UI X MIX\UI X MIX.csproj", "{9F840567-EDCE-4C99-B30B-88BAD82F4023}"
EndProject
Global
	GlobalSection(SolutionConfigurationPlatforms) = preSolution
		Debug|Any CPU = Debug|Any CPU
		Debug|x64 = Debug|x64
		Debug|x86 = Debug|x86
		Release|Any CPU = Release|Any CPU
		Release|x64 = Release|x64
		Release|x86 = Release|x86
	EndGlobalSection
	GlobalSection(ProjectConfigurationPlatforms) = postSolution
		{D7069160-ECED-49F5-8943-2453B5261FF8}.Debug|Any CPU.ActiveCfg = Debug|Win32
		{D7069160-ECED-49F5-8943-2453B5261FF8}.Debug|x64.ActiveCfg = Debug|x64
		{D7069160-ECED-49F5-8943-2453B5261FF8}.Debug|x64.Build.0 = Debug|x64
		{D7069160-ECED-49F5-8943-2453B5261FF8}.Debug|x86.ActiveCfg = Debug|Win32
		{D7069160-ECED-49F5-8943-2453B5261FF8}.Debug|x86.Build.0 = Debug|Win32
		{D7069160-ECED-49F5-8943-2453B5261FF8}.Release|Any CPU.ActiveCfg = Release|Win32
		{D7069160-ECED-49F5-8943-2453B5261FF8}.Release|x64.ActiveCfg = Release|x64
		{D7069160-ECED-49F5-8943-2453B5261FF8}.Release|x64.Build.0 = Release|x64
		{D7069160-ECED-49F5-8943-2453B5261FF8}.Release|x86.ActiveCfg = Release|Win32
		{D7069160-ECED-49F5-8943-2453B5261FF8}.Release|x86.Build.0 = Release|Win32
		{9F840567-EDCE-4C99-B30B-88BAD82F4023}.Debug|Any CPU.ActiveCfg = Debug|Any CPU
		{9F840567-EDCE-4C99-B30B-88BAD82F4023}.Debug|Any CPU.Build.0 = Debug|Any CPU
		{9F840567-EDCE-4C99-B30B-88BAD82F4023}.Debug|x64.ActiveCfg = Debug|Any CPU
		{9F840567-EDCE-4C99-B30B-88BAD82F4023}.Debug|x64.Build.0 = Debug|Any CPU
		{9F840567-EDCE-4C99-B30B-88BAD82F4023}.Debug|x86.ActiveCfg = Debug|Any CPU
		{9F840567-EDCE-4C99-B30B-88BAD82F4023}.Debug|x86.Build.0 = Debug|Any CPU
		{9F840567-EDCE-4C99-B30B-88BAD82F4023}.Release|Any CPU.ActiveCfg = Release|Any CPU
		{9F840567-EDCE-4C99-B30B-88BAD82F4023}.Release|Any CPU.Build.0 = Release|Any CPU
		{9F840567-EDCE-4C99-B30B-88BAD82F4023}.Release|x64.ActiveCfg = Release|Any CPU
		{9F840567-EDCE-4C99-B30B-88BAD82F4023}.Release|x64.Build.0 = Release|Any CPU
		{9F840567-EDCE-4C99-B30B-88BAD82F4023}.Release|x86.ActiveCfg = Release|Any CPU
		{9F840567-EDCE-4C99-B30B-88BAD82F4023}.Release|x86.Build.0 = Release|Any CPU
	EndGlobalSection
	GlobalSection(SolutionProperties) = preSolution
		HideSolutionNode = FALSE
	EndGlobalSection
	GlobalSection(ExtensibilityGlobals) = postSolution
		SolutionGuid = {8C4DC120-E335-46EA-94B2-5F1DFA044832}
	EndGlobalSection
EndGlobal
